
Microsoft Visual Studio Solution File, Format Version 12.00
# Visual Studio Version 16
VisualStudioVersion = 16.0.31424.327
MinimumVisualStudioVersion = 10.0.40219.1
Project("{FAE04EC0-301F-11D3-BF4B-00C04F79EFBC}") = "EnergyCompanyConsoleApplication", "EnergyCompanyConsoleApplication\EnergyCompanyConsoleApplication.csproj", "{FDB85F03-828E-4487-BDEC-B169BC9C7CB8}"
EndProject
Global
	GlobalSection(SolutionConfigurationPlatforms) = preSolution
		Debug|Any CPU = Debug|Any CPU
		Release|Any CPU = Release|Any CPU
	EndGlobalSection
	GlobalSection(ProjectConfigurationPlatforms) = postSolution
		{FDB85F03-828E-4487-BDEC-B169BC9C7CB8}.Debug|Any CPU.ActiveCfg = Debug|Any CPU
		{FDB85F03-828E-4487-BDEC-B169BC9C7CB8}.Debug|Any CPU.Build.0 = Debug|Any CPU
		{FDB85F03-828E-4487-BDEC-B169BC9C7CB8}.Release|Any CPU.ActiveCfg = Release|Any CPU
		{FDB85F03-828E-4487-BDEC-B169BC9C7CB8}.Release|Any CPU.Build.0 = Release|Any CPU
	EndGlobalSection
	GlobalSection(SolutionProperties) = preSolution
		HideSolutionNode = FALSE
	EndGlobalSection
	GlobalSection(ExtensibilityGlobals) = postSolution
		SolutionGuid = {5AACAD50-AE36-4FFB-ADF5-01A0C9EE99F1}
	EndGlobalSection
EndGlobal
