
Microsoft Visual Studio Solution File, Format Version 12.00
# Visual Studio Version 16
VisualStudioVersion = 16.0.31424.327
MinimumVisualStudioVersion = 10.0.40219.1
Project("{9A19103F-16F7-4668-BE54-9A1E7A4F7556}") = "EnergyCompanyConsole.Application", "EnergyCompanyConsoleApplication\EnergyCompanyConsole.Application.csproj", "{FDB85F03-828E-4487-BDEC-B169BC9C7CB8}"
EndProject
Project("{9A19103F-16F7-4668-BE54-9A1E7A4F7556}") = "EnergyCompanyConsole.Domain", "EnergyCompanyConsole.Domain\EnergyCompanyConsole.Domain.csproj", "{9333020A-76BB-4556-AB62-77D05ED69E10}"
EndProject
Project("{9A19103F-16F7-4668-BE54-9A1E7A4F7556}") = "EnergyCompanyConsole.Infrastructure", "EnergyCompanyConsole.Infrastructure\EnergyCompanyConsole.Infrastructure.csproj", "{17B87B99-68DD-4E24-944B-6611A3D93A15}"
EndProject
Project("{FAE04EC0-301F-11D3-BF4B-00C04F79EFBC}") = "EnergyCompanyConsole.Test", "EnergyCompanyConsole.Test\EnergyCompanyConsole.Test.csproj", "{DA1242F3-5AC9-49CC-820B-DE95AD6CCD9D}"
EndProject
Global
	GlobalSection(SolutionConfigurationPlatforms) = preSolution
		Debug|Any CPU = Debug|Any CPU
		Release|Any CPU = Release|Any CPU
	EndGlobalSection
	GlobalSection(ProjectConfigurationPlatforms) = postSolution
		{FDB85F03-828E-4487-BDEC-B169BC9C7CB8}.Debug|Any CPU.ActiveCfg = Debug|Any CPU
		{FDB85F03-828E-4487-BDEC-B169BC9C7CB8}.Debug|Any CPU.Build.0 = Debug|Any CPU
		{FDB85F03-828E-4487-BDEC-B169BC9C7CB8}.Release|Any CPU.ActiveCfg = Release|Any CPU
		{FDB85F03-828E-4487-BDEC-B169BC9C7CB8}.Release|Any CPU.Build.0 = Release|Any CPU
		{9333020A-76BB-4556-AB62-77D05ED69E10}.Debug|Any CPU.ActiveCfg = Debug|Any CPU
		{9333020A-76BB-4556-AB62-77D05ED69E10}.Debug|Any CPU.Build.0 = Debug|Any CPU
		{9333020A-76BB-4556-AB62-77D05ED69E10}.Release|Any CPU.ActiveCfg = Release|Any CPU
		{9333020A-76BB-4556-AB62-77D05ED69E10}.Release|Any CPU.Build.0 = Release|Any CPU
		{17B87B99-68DD-4E24-944B-6611A3D93A15}.Debug|Any CPU.ActiveCfg = Debug|Any CPU
		{17B87B99-68DD-4E24-944B-6611A3D93A15}.Debug|Any CPU.Build.0 = Debug|Any CPU
		{17B87B99-68DD-4E24-944B-6611A3D93A15}.Release|Any CPU.ActiveCfg = Release|Any CPU
		{17B87B99-68DD-4E24-944B-6611A3D93A15}.Release|Any CPU.Build.0 = Release|Any CPU
		{DA1242F3-5AC9-49CC-820B-DE95AD6CCD9D}.Debug|Any CPU.ActiveCfg = Debug|Any CPU
		{DA1242F3-5AC9-49CC-820B-DE95AD6CCD9D}.Debug|Any CPU.Build.0 = Debug|Any CPU
		{DA1242F3-5AC9-49CC-820B-DE95AD6CCD9D}.Release|Any CPU.ActiveCfg = Release|Any CPU
		{DA1242F3-5AC9-49CC-820B-DE95AD6CCD9D}.Release|Any CPU.Build.0 = Release|Any CPU
	EndGlobalSection
	GlobalSection(SolutionProperties) = preSolution
		HideSolutionNode = FALSE
	EndGlobalSection
	GlobalSection(ExtensibilityGlobals) = postSolution
		SolutionGuid = {5AACAD50-AE36-4FFB-ADF5-01A0C9EE99F1}
	EndGlobalSection
EndGlobal
